// !$*UTF8*$!
{
	archiveVersion = 1;
	classes = {
	};
	objectVersion = 46;
	objects = {

/* Begin PBXBuildFile section */
		3E8E952E18864886007A0CAB /* Card.m in Sources */ = {isa = PBXBuildFile; fileRef = 3E8E952D18864886007A0CAB /* Card.m */; };
		3EA2013B1881E7EC0011935D /* Foundation.framework in Frameworks */ = {isa = PBXBuildFile; fileRef = 3EA2013A1881E7EC0011935D /* Foundation.framework */; };
		3EA2013D1881E7EC0011935D /* CoreGraphics.framework in Frameworks */ = {isa = PBXBuildFile; fileRef = 3EA2013C1881E7EC0011935D /* CoreGraphics.framework */; };
		3EA2013F1881E7EC0011935D /* UIKit.framework in Frameworks */ = {isa = PBXBuildFile; fileRef = 3EA2013E1881E7EC0011935D /* UIKit.framework */; };
		3EA201451881E7EC0011935D /* InfoPlist.strings in Resources */ = {isa = PBXBuildFile; fileRef = 3EA201431881E7EC0011935D /* InfoPlist.strings */; };
		3EA201471881E7EC0011935D /* main.m in Sources */ = {isa = PBXBuildFile; fileRef = 3EA201461881E7EC0011935D /* main.m */; };
		3EA2014B1881E7EC0011935D /* CardGameAppDelegate.m in Sources */ = {isa = PBXBuildFile; fileRef = 3EA2014A1881E7EC0011935D /* CardGameAppDelegate.m */; };
		3EA2014E1881E7EC0011935D /* Main.storyboard in Resources */ = {isa = PBXBuildFile; fileRef = 3EA2014C1881E7EC0011935D /* Main.storyboard */; };
		3EA201511881E7EC0011935D /* CardGameViewController.m in Sources */ = {isa = PBXBuildFile; fileRef = 3EA201501881E7EC0011935D /* CardGameViewController.m */; };
		3EA201531881E7EC0011935D /* Images.xcassets in Resources */ = {isa = PBXBuildFile; fileRef = 3EA201521881E7EC0011935D /* Images.xcassets */; };
		3EA2015A1881E7EC0011935D /* XCTest.framework in Frameworks */ = {isa = PBXBuildFile; fileRef = 3EA201591881E7EC0011935D /* XCTest.framework */; };
		3EA2015B1881E7EC0011935D /* Foundation.framework in Frameworks */ = {isa = PBXBuildFile; fileRef = 3EA2013A1881E7EC0011935D /* Foundation.framework */; };
		3EA2015C1881E7EC0011935D /* UIKit.framework in Frameworks */ = {isa = PBXBuildFile; fileRef = 3EA2013E1881E7EC0011935D /* UIKit.framework */; };
		3EA201641881E7EC0011935D /* InfoPlist.strings in Resources */ = {isa = PBXBuildFile; fileRef = 3EA201621881E7EC0011935D /* InfoPlist.strings */; };
		3EA201661881E7EC0011935D /* CardismoTests.m in Sources */ = {isa = PBXBuildFile; fileRef = 3EA201651881E7EC0011935D /* CardismoTests.m */; };
		3EF889E8188A1C9500FE78FD /* Deck.m in Sources */ = {isa = PBXBuildFile; fileRef = 3EF889E7188A1C9500FE78FD /* Deck.m */; };
		3EF889EB188A1D0C00FE78FD /* PlayingCard.m in Sources */ = {isa = PBXBuildFile; fileRef = 3EF889EA188A1D0C00FE78FD /* PlayingCard.m */; };
		3EF889EE188AA49400FE78FD /* PlayingCardDeck.m in Sources */ = {isa = PBXBuildFile; fileRef = 3EF889ED188AA49400FE78FD /* PlayingCardDeck.m */; };
/* End PBXBuildFile section */

/* Begin PBXContainerItemProxy section */
		3EA2015D1881E7EC0011935D /* PBXContainerItemProxy */ = {
			isa = PBXContainerItemProxy;
			containerPortal = 3EA2012F1881E7EC0011935D /* Project object */;
			proxyType = 1;
			remoteGlobalIDString = 3EA201361881E7EC0011935D;
			remoteInfo = Cardismo;
		};
/* End PBXContainerItemProxy section */

/* Begin PBXFileReference section */
		3E8E952C18864886007A0CAB /* Card.h */ = {isa = PBXFileReference; fileEncoding = 4; lastKnownFileType = sourcecode.c.h; name = Card.h; path = Cardismo/Model/Card.h; sourceTree = "<group>"; };
		3E8E952D18864886007A0CAB /* Card.m */ = {isa = PBXFileReference; fileEncoding = 4; lastKnownFileType = sourcecode.c.objc; name = Card.m; path = Cardismo/Model/Card.m; sourceTree = "<group>"; };
		3EA201371881E7EC0011935D /* Cardismo.app */ = {isa = PBXFileReference; explicitFileType = wrapper.application; includeInIndex = 0; path = Cardismo.app; sourceTree = BUILT_PRODUCTS_DIR; };
		3EA2013A1881E7EC0011935D /* Foundation.framework */ = {isa = PBXFileReference; lastKnownFileType = wrapper.framework; name = Foundation.framework; path = System/Library/Frameworks/Foundation.framework; sourceTree = SDKROOT; };
		3EA2013C1881E7EC0011935D /* CoreGraphics.framework */ = {isa = PBXFileReference; lastKnownFileType = wrapper.framework; name = CoreGraphics.framework; path = System/Library/Frameworks/CoreGraphics.framework; sourceTree = SDKROOT; };
		3EA2013E1881E7EC0011935D /* UIKit.framework */ = {isa = PBXFileReference; lastKnownFileType = wrapper.framework; name = UIKit.framework; path = System/Library/Frameworks/UIKit.framework; sourceTree = SDKROOT; };
		3EA201421881E7EC0011935D /* Cardismo-Info.plist */ = {isa = PBXFileReference; lastKnownFileType = text.plist.xml; path = "Cardismo-Info.plist"; sourceTree = "<group>"; };
		3EA201441881E7EC0011935D /* en */ = {isa = PBXFileReference; lastKnownFileType = text.plist.strings; name = en; path = en.lproj/InfoPlist.strings; sourceTree = "<group>"; };
		3EA201461881E7EC0011935D /* main.m */ = {isa = PBXFileReference; lastKnownFileType = sourcecode.c.objc; path = main.m; sourceTree = "<group>"; };
		3EA201481881E7EC0011935D /* Cardismo-Prefix.pch */ = {isa = PBXFileReference; lastKnownFileType = sourcecode.c.h; path = "Cardismo-Prefix.pch"; sourceTree = "<group>"; };
		3EA201491881E7EC0011935D /* CardGameAppDelegate.h */ = {isa = PBXFileReference; lastKnownFileType = sourcecode.c.h; path = CardGameAppDelegate.h; sourceTree = "<group>"; };
		3EA2014A1881E7EC0011935D /* CardGameAppDelegate.m */ = {isa = PBXFileReference; lastKnownFileType = sourcecode.c.objc; path = CardGameAppDelegate.m; sourceTree = "<group>"; };
		3EA2014D1881E7EC0011935D /* Base */ = {isa = PBXFileReference; lastKnownFileType = file.storyboard; name = Base; path = Base.lproj/Main.storyboard; sourceTree = "<group>"; };
		3EA2014F1881E7EC0011935D /* CardGameViewController.h */ = {isa = PBXFileReference; lastKnownFileType = sourcecode.c.h; path = CardGameViewController.h; sourceTree = "<group>"; };
		3EA201501881E7EC0011935D /* CardGameViewController.m */ = {isa = PBXFileReference; lastKnownFileType = sourcecode.c.objc; path = CardGameViewController.m; sourceTree = "<group>"; };
		3EA201521881E7EC0011935D /* Images.xcassets */ = {isa = PBXFileReference; lastKnownFileType = folder.assetcatalog; path = Images.xcassets; sourceTree = "<group>"; };
		3EA201581881E7EC0011935D /* CardismoTests.xctest */ = {isa = PBXFileReference; explicitFileType = wrapper.cfbundle; includeInIndex = 0; path = CardismoTests.xctest; sourceTree = BUILT_PRODUCTS_DIR; };
		3EA201591881E7EC0011935D /* XCTest.framework */ = {isa = PBXFileReference; lastKnownFileType = wrapper.framework; name = XCTest.framework; path = Library/Frameworks/XCTest.framework; sourceTree = DEVELOPER_DIR; };
		3EA201611881E7EC0011935D /* CardismoTests-Info.plist */ = {isa = PBXFileReference; lastKnownFileType = text.plist.xml; path = "CardismoTests-Info.plist"; sourceTree = "<group>"; };
		3EA201631881E7EC0011935D /* en */ = {isa = PBXFileReference; lastKnownFileType = text.plist.strings; name = en; path = en.lproj/InfoPlist.strings; sourceTree = "<group>"; };
		3EA201651881E7EC0011935D /* CardismoTests.m */ = {isa = PBXFileReference; lastKnownFileType = sourcecode.c.objc; path = CardismoTests.m; sourceTree = "<group>"; };
		3EF889E6188A1C9500FE78FD /* Deck.h */ = {isa = PBXFileReference; fileEncoding = 4; lastKnownFileType = sourcecode.c.h; name = Deck.h; path = Cardismo/Model/Deck.h; sourceTree = "<group>"; };
		3EF889E7188A1C9500FE78FD /* Deck.m */ = {isa = PBXFileReference; fileEncoding = 4; lastKnownFileType = sourcecode.c.objc; name = Deck.m; path = Cardismo/Model/Deck.m; sourceTree = "<group>"; };
		3EF889E9188A1D0C00FE78FD /* PlayingCard.h */ = {isa = PBXFileReference; fileEncoding = 4; lastKnownFileType = sourcecode.c.h; name = PlayingCard.h; path = Cardismo/Model/PlayingCard.h; sourceTree = "<group>"; };
		3EF889EA188A1D0C00FE78FD /* PlayingCard.m */ = {isa = PBXFileReference; fileEncoding = 4; lastKnownFileType = sourcecode.c.objc; name = PlayingCard.m; path = Cardismo/Model/PlayingCard.m; sourceTree = "<group>"; };
		3EF889EC188AA49400FE78FD /* PlayingCardDeck.h */ = {isa = PBXFileReference; fileEncoding = 4; lastKnownFileType = sourcecode.c.h; name = PlayingCardDeck.h; path = Cardismo/Model/PlayingCardDeck.h; sourceTree = "<group>"; };
		3EF889ED188AA49400FE78FD /* PlayingCardDeck.m */ = {isa = PBXFileReference; fileEncoding = 4; lastKnownFileType = sourcecode.c.objc; name = PlayingCardDeck.m; path = Cardismo/Model/PlayingCardDeck.m; sourceTree = "<group>"; };
/* End PBXFileReference section */

/* Begin PBXFrameworksBuildPhase section */
		3EA201341881E7EC0011935D /* Frameworks */ = {
			isa = PBXFrameworksBuildPhase;
			buildActionMask = 2147483647;
			files = (
				3EA2013D1881E7EC0011935D /* CoreGraphics.framework in Frameworks */,
				3EA2013F1881E7EC0011935D /* UIKit.framework in Frameworks */,
				3EA2013B1881E7EC0011935D /* Foundation.framework in Frameworks */,
			);
			runOnlyForDeploymentPostprocessing = 0;
		};
		3EA201551881E7EC0011935D /* Frameworks */ = {
			isa = PBXFrameworksBuildPhase;
			buildActionMask = 2147483647;
			files = (
				3EA2015A1881E7EC0011935D /* XCTest.framework in Frameworks */,
				3EA2015C1881E7EC0011935D /* UIKit.framework in Frameworks */,
				3EA2015B1881E7EC0011935D /* Foundation.framework in Frameworks */,
			);
			runOnlyForDeploymentPostprocessing = 0;
		};
/* End PBXFrameworksBuildPhase section */

/* Begin PBXGroup section */
		3E8E952F188648B6007A0CAB /* Model */ = {
			isa = PBXGroup;
			children = (
				3E8E952C18864886007A0CAB /* Card.h */,
				3E8E952D18864886007A0CAB /* Card.m */,
				3EF889E6188A1C9500FE78FD /* Deck.h */,
				3EF889EC188AA49400FE78FD /* PlayingCardDeck.h */,
				3EF889ED188AA49400FE78FD /* PlayingCardDeck.m */,
				3EF889E7188A1C9500FE78FD /* Deck.m */,
				3EF889E9188A1D0C00FE78FD /* PlayingCard.h */,
				3EF889EA188A1D0C00FE78FD /* PlayingCard.m */,
			);
			name = Model;
			path = ..;
			sourceTree = "<group>";
		};
		3EA2012E1881E7EC0011935D = {
			isa = PBXGroup;
			children = (
				3EA201401881E7EC0011935D /* Cardismo */,
				3EA2015F1881E7EC0011935D /* CardismoTests */,
				3EA201391881E7EC0011935D /* Frameworks */,
				3EA201381881E7EC0011935D /* Products */,
			);
			sourceTree = "<group>";
		};
		3EA201381881E7EC0011935D /* Products */ = {
			isa = PBXGroup;
			children = (
				3EA201371881E7EC0011935D /* Cardismo.app */,
				3EA201581881E7EC0011935D /* CardismoTests.xctest */,
			);
			name = Products;
			sourceTree = "<group>";
		};
		3EA201391881E7EC0011935D /* Frameworks */ = {
			isa = PBXGroup;
			children = (
				3EA2013A1881E7EC0011935D /* Foundation.framework */,
				3EA2013C1881E7EC0011935D /* CoreGraphics.framework */,
				3EA2013E1881E7EC0011935D /* UIKit.framework */,
				3EA201591881E7EC0011935D /* XCTest.framework */,
			);
			name = Frameworks;
			sourceTree = "<group>";
		};
		3EA201401881E7EC0011935D /* Cardismo */ = {
			isa = PBXGroup;
			children = (
				3EA2014C1881E7EC0011935D /* Main.storyboard */,
				3EA2014F1881E7EC0011935D /* CardGameViewController.h */,
				3EA201501881E7EC0011935D /* CardGameViewController.m */,
				3E8E952F188648B6007A0CAB /* Model */,
				3EA201521881E7EC0011935D /* Images.xcassets */,
				3EA201411881E7EC0011935D /* Supporting Files */,
			);
			path = Cardismo;
			sourceTree = "<group>";
		};
		3EA201411881E7EC0011935D /* Supporting Files */ = {
			isa = PBXGroup;
			children = (
				3EA201491881E7EC0011935D /* CardGameAppDelegate.h */,
				3EA2014A1881E7EC0011935D /* CardGameAppDelegate.m */,
				3EA201421881E7EC0011935D /* Cardismo-Info.plist */,
				3EA201431881E7EC0011935D /* InfoPlist.strings */,
				3EA201461881E7EC0011935D /* main.m */,
				3EA201481881E7EC0011935D /* Cardismo-Prefix.pch */,
			);
			name = "Supporting Files";
			sourceTree = "<group>";
		};
		3EA2015F1881E7EC0011935D /* CardismoTests */ = {
			isa = PBXGroup;
			children = (
				3EA201651881E7EC0011935D /* CardismoTests.m */,
				3EA201601881E7EC0011935D /* Supporting Files */,
			);
			path = CardismoTests;
			sourceTree = "<group>";
		};
		3EA201601881E7EC0011935D /* Supporting Files */ = {
			isa = PBXGroup;
			children = (
				3EA201611881E7EC0011935D /* CardismoTests-Info.plist */,
				3EA201621881E7EC0011935D /* InfoPlist.strings */,
			);
			name = "Supporting Files";
			sourceTree = "<group>";
		};
/* End PBXGroup section */

/* Begin PBXNativeTarget section */
		3EA201361881E7EC0011935D /* Cardismo */ = {
			isa = PBXNativeTarget;
			buildConfigurationList = 3EA201691881E7EC0011935D /* Build configuration list for PBXNativeTarget "Cardismo" */;
			buildPhases = (
				3EA201331881E7EC0011935D /* Sources */,
				3EA201341881E7EC0011935D /* Frameworks */,
				3EA201351881E7EC0011935D /* Resources */,
			);
			buildRules = (
			);
			dependencies = (
			);
			name = Cardismo;
			productName = Cardismo;
			productReference = 3EA201371881E7EC0011935D /* Cardismo.app */;
			productType = "com.apple.product-type.application";
		};
		3EA201571881E7EC0011935D /* CardismoTests */ = {
			isa = PBXNativeTarget;
			buildConfigurationList = 3EA2016C1881E7EC0011935D /* Build configuration list for PBXNativeTarget "CardismoTests" */;
			buildPhases = (
				3EA201541881E7EC0011935D /* Sources */,
				3EA201551881E7EC0011935D /* Frameworks */,
				3EA201561881E7EC0011935D /* Resources */,
			);
			buildRules = (
			);
			dependencies = (
				3EA2015E1881E7EC0011935D /* PBXTargetDependency */,
			);
			name = CardismoTests;
			productName = CardismoTests;
			productReference = 3EA201581881E7EC0011935D /* CardismoTests.xctest */;
			productType = "com.apple.product-type.bundle.unit-test";
		};
/* End PBXNativeTarget section */

/* Begin PBXProject section */
		3EA2012F1881E7EC0011935D /* Project object */ = {
			isa = PBXProject;
			attributes = {
				CLASSPREFIX = CardGame;
				LastUpgradeCheck = 0500;
				ORGANIZATIONNAME = "Philip Palmer";
				TargetAttributes = {
					3EA201571881E7EC0011935D = {
						TestTargetID = 3EA201361881E7EC0011935D;
					};
				};
			};
			buildConfigurationList = 3EA201321881E7EC0011935D /* Build configuration list for PBXProject "Cardismo" */;
			compatibilityVersion = "Xcode 3.2";
			developmentRegion = English;
			hasScannedForEncodings = 0;
			knownRegions = (
				en,
				Base,
			);
			mainGroup = 3EA2012E1881E7EC0011935D;
			productRefGroup = 3EA201381881E7EC0011935D /* Products */;
			projectDirPath = "";
			projectRoot = "";
			targets = (
				3EA201361881E7EC0011935D /* Cardismo */,
				3EA201571881E7EC0011935D /* CardismoTests */,
			);
		};
/* End PBXProject section */

/* Begin PBXResourcesBuildPhase section */
		3EA201351881E7EC0011935D /* Resources */ = {
			isa = PBXResourcesBuildPhase;
			buildActionMask = 2147483647;
			files = (
				3EA201531881E7EC0011935D /* Images.xcassets in Resources */,
				3EA201451881E7EC0011935D /* InfoPlist.strings in Resources */,
				3EA2014E1881E7EC0011935D /* Main.storyboard in Resources */,
			);
			runOnlyForDeploymentPostprocessing = 0;
		};
		3EA201561881E7EC0011935D /* Resources */ = {
			isa = PBXResourcesBuildPhase;
			buildActionMask = 2147483647;
			files = (
				3EA201641881E7EC0011935D /* InfoPlist.strings in Resources */,
			);
			runOnlyForDeploymentPostprocessing = 0;
		};
/* End PBXResourcesBuildPhase section */

/* Begin PBXSourcesBuildPhase section */
		3EA201331881E7EC0011935D /* Sources */ = {
			isa = PBXSourcesBuildPhase;
			buildActionMask = 2147483647;
			files = (
				3EF889EB188A1D0C00FE78FD /* PlayingCard.m in Sources */,
				3EF889E8188A1C9500FE78FD /* Deck.m in Sources */,
				3EA2014B1881E7EC0011935D /* CardGameAppDelegate.m in Sources */,
				3EA201511881E7EC0011935D /* CardGameViewController.m in Sources */,
				3EF889EE188AA49400FE78FD /* PlayingCardDeck.m in Sources */,
				3EA201471881E7EC0011935D /* main.m in Sources */,
				3E8E952E18864886007A0CAB /* Card.m in Sources */,
			);
			runOnlyForDeploymentPostprocessing = 0;
		};
		3EA201541881E7EC0011935D /* Sources */ = {
			isa = PBXSourcesBuildPhase;
			buildActionMask = 2147483647;
			files = (
				3EA201661881E7EC0011935D /* CardismoTests.m in Sources */,
			);
			runOnlyForDeploymentPostprocessing = 0;
		};
/* End PBXSourcesBuildPhase section */

/* Begin PBXTargetDependency section */
		3EA2015E1881E7EC0011935D /* PBXTargetDependency */ = {
			isa = PBXTargetDependency;
			target = 3EA201361881E7EC0011935D /* Cardismo */;
			targetProxy = 3EA2015D1881E7EC0011935D /* PBXContainerItemProxy */;
		};
/* End PBXTargetDependency section */

/* Begin PBXVariantGroup section */
		3EA201431881E7EC0011935D /* InfoPlist.strings */ = {
			isa = PBXVariantGroup;
			children = (
				3EA201441881E7EC0011935D /* en */,
			);
			name = InfoPlist.strings;
			sourceTree = "<group>";
		};
		3EA2014C1881E7EC0011935D /* Main.storyboard */ = {
			isa = PBXVariantGroup;
			children = (
				3EA2014D1881E7EC0011935D /* Base */,
			);
			name = Main.storyboard;
			sourceTree = "<group>";
		};
		3EA201621881E7EC0011935D /* InfoPlist.strings */ = {
			isa = PBXVariantGroup;
			children = (
				3EA201631881E7EC0011935D /* en */,
			);
			name = InfoPlist.strings;
			sourceTree = "<group>";
		};
/* End PBXVariantGroup section */

/* Begin XCBuildConfiguration section */
		3EA201671881E7EC0011935D /* Debug */ = {
			isa = XCBuildConfiguration;
			buildSettings = {
				ALWAYS_SEARCH_USER_PATHS = NO;
				ARCHS = "$(ARCHS_STANDARD_INCLUDING_64_BIT)";
				CLANG_CXX_LANGUAGE_STANDARD = "gnu++0x";
				CLANG_CXX_LIBRARY = "libc++";
				CLANG_ENABLE_MODULES = YES;
				CLANG_ENABLE_OBJC_ARC = YES;
				CLANG_WARN_BOOL_CONVERSION = YES;
				CLANG_WARN_CONSTANT_CONVERSION = YES;
				CLANG_WARN_DIRECT_OBJC_ISA_USAGE = YES_ERROR;
				CLANG_WARN_EMPTY_BODY = YES;
				CLANG_WARN_ENUM_CONVERSION = YES;
				CLANG_WARN_INT_CONVERSION = YES;
				CLANG_WARN_OBJC_ROOT_CLASS = YES_ERROR;
				CLANG_WARN__DUPLICATE_METHOD_MATCH = YES;
				"CODE_SIGN_IDENTITY[sdk=iphoneos*]" = "iPhone Developer";
				COPY_PHASE_STRIP = NO;
				GCC_C_LANGUAGE_STANDARD = gnu99;
				GCC_DYNAMIC_NO_PIC = NO;
				GCC_OPTIMIZATION_LEVEL = 0;
				GCC_PREPROCESSOR_DEFINITIONS = (
					"DEBUG=1",
					"$(inherited)",
				);
				GCC_SYMBOLS_PRIVATE_EXTERN = NO;
				GCC_WARN_64_TO_32_BIT_CONVERSION = YES;
				GCC_WARN_ABOUT_RETURN_TYPE = YES_ERROR;
				GCC_WARN_UNDECLARED_SELECTOR = YES;
				GCC_WARN_UNINITIALIZED_AUTOS = YES;
				GCC_WARN_UNUSED_FUNCTION = YES;
				GCC_WARN_UNUSED_VARIABLE = YES;
				IPHONEOS_DEPLOYMENT_TARGET = 7.0;
				ONLY_ACTIVE_ARCH = YES;
				SDKROOT = iphoneos;
			};
			name = Debug;
		};
		3EA201681881E7EC0011935D /* Release */ = {
			isa = XCBuildConfiguration;
			buildSettings = {
				ALWAYS_SEARCH_USER_PATHS = NO;
				ARCHS = "$(ARCHS_STANDARD_INCLUDING_64_BIT)";
				CLANG_CXX_LANGUAGE_STANDARD = "gnu++0x";
				CLANG_CXX_LIBRARY = "libc++";
				CLANG_ENABLE_MODULES = YES;
				CLANG_ENABLE_OBJC_ARC = YES;
				CLANG_WARN_BOOL_CONVERSION = YES;
				CLANG_WARN_CONSTANT_CONVERSION = YES;
				CLANG_WARN_DIRECT_OBJC_ISA_USAGE = YES_ERROR;
				CLANG_WARN_EMPTY_BODY = YES;
				CLANG_WARN_ENUM_CONVERSION = YES;
				CLANG_WARN_INT_CONVERSION = YES;
				CLANG_WARN_OBJC_ROOT_CLASS = YES_ERROR;
				CLANG_WARN__DUPLICATE_METHOD_MATCH = YES;
				"CODE_SIGN_IDENTITY[sdk=iphoneos*]" = "iPhone Developer";
				COPY_PHASE_STRIP = YES;
				ENABLE_NS_ASSERTIONS = NO;
				GCC_C_LANGUAGE_STANDARD = gnu99;
				GCC_WARN_64_TO_32_BIT_CONVERSION = YES;
				GCC_WARN_ABOUT_RETURN_TYPE = YES_ERROR;
				GCC_WARN_UNDECLARED_SELECTOR = YES;
				GCC_WARN_UNINITIALIZED_AUTOS = YES;
				GCC_WARN_UNUSED_FUNCTION = YES;
				GCC_WARN_UNUSED_VARIABLE = YES;
				IPHONEOS_DEPLOYMENT_TARGET = 7.0;
				SDKROOT = iphoneos;
				VALIDATE_PRODUCT = YES;
			};
			name = Release;
		};
		3EA2016A1881E7EC0011935D /* Debug */ = {
			isa = XCBuildConfiguration;
			buildSettings = {
				ASSETCATALOG_COMPILER_APPICON_NAME = AppIcon;
				ASSETCATALOG_COMPILER_LAUNCHIMAGE_NAME = LaunchImage;
				GCC_PRECOMPILE_PREFIX_HEADER = YES;
				GCC_PREFIX_HEADER = "Cardismo/Cardismo-Prefix.pch";
				INFOPLIST_FILE = "Cardismo/Cardismo-Info.plist";
				PRODUCT_NAME = "$(TARGET_NAME)";
				WRAPPER_EXTENSION = app;
			};
			name = Debug;
		};
		3EA2016B1881E7EC0011935D /* Release */ = {
			isa = XCBuildConfiguration;
			buildSettings = {
				ASSETCATALOG_COMPILER_APPICON_NAME = AppIcon;
				ASSETCATALOG_COMPILER_LAUNCHIMAGE_NAME = LaunchImage;
				GCC_PRECOMPILE_PREFIX_HEADER = YES;
				GCC_PREFIX_HEADER = "Cardismo/Cardismo-Prefix.pch";
				INFOPLIST_FILE = "Cardismo/Cardismo-Info.plist";
				PRODUCT_NAME = "$(TARGET_NAME)";
				WRAPPER_EXTENSION = app;
			};
			name = Release;
		};
		3EA2016D1881E7EC0011935D /* Debug */ = {
			isa = XCBuildConfiguration;
			buildSettings = {
				ARCHS = "$(ARCHS_STANDARD_INCLUDING_64_BIT)";
				BUNDLE_LOADER = "$(BUILT_PRODUCTS_DIR)/Cardismo.app/Cardismo";
				FRAMEWORK_SEARCH_PATHS = (
					"$(SDKROOT)/Developer/Library/Frameworks",
					"$(inherited)",
					"$(DEVELOPER_FRAMEWORKS_DIR)",
				);
				GCC_PRECOMPILE_PREFIX_HEADER = YES;
				GCC_PREFIX_HEADER = "Cardismo/Cardismo-Prefix.pch";
				GCC_PREPROCESSOR_DEFINITIONS = (
					"DEBUG=1",
					"$(inherited)",
				);
				INFOPLIST_FILE = "CardismoTests/CardismoTests-Info.plist";
				PRODUCT_NAME = "$(TARGET_NAME)";
				TEST_HOST = "$(BUNDLE_LOADER)";
				WRAPPER_EXTENSION = xctest;
			};
			name = Debug;
		};
		3EA2016E1881E7EC0011935D /* Release */ = {
			isa = XCBuildConfiguration;
			buildSettings = {
				ARCHS = "$(ARCHS_STANDARD_INCLUDING_64_BIT)";
				BUNDLE_LOADER = "$(BUILT_PRODUCTS_DIR)/Cardismo.app/Cardismo";
				FRAMEWORK_SEARCH_PATHS = (
					"$(SDKROOT)/Developer/Library/Frameworks",
					"$(inherited)",
					"$(DEVELOPER_FRAMEWORKS_DIR)",
				);
				GCC_PRECOMPILE_PREFIX_HEADER = YES;
				GCC_PREFIX_HEADER = "Cardismo/Cardismo-Prefix.pch";
				INFOPLIST_FILE = "CardismoTests/CardismoTests-Info.plist";
				PRODUCT_NAME = "$(TARGET_NAME)";
				TEST_HOST = "$(BUNDLE_LOADER)";
				WRAPPER_EXTENSION = xctest;
			};
			name = Release;
		};
/* End XCBuildConfiguration section */

/* Begin XCConfigurationList section */
		3EA201321881E7EC0011935D /* Build configuration list for PBXProject "Cardismo" */ = {
			isa = XCConfigurationList;
			buildConfigurations = (
				3EA201671881E7EC0011935D /* Debug */,
				3EA201681881E7EC0011935D /* Release */,
			);
			defaultConfigurationIsVisible = 0;
			defaultConfigurationName = Release;
		};
		3EA201691881E7EC0011935D /* Build configuration list for PBXNativeTarget "Cardismo" */ = {
			isa = XCConfigurationList;
			buildConfigurations = (
				3EA2016A1881E7EC0011935D /* Debug */,
				3EA2016B1881E7EC0011935D /* Release */,
			);
			defaultConfigurationIsVisible = 0;
			defaultConfigurationName = Release;
		};
		3EA2016C1881E7EC0011935D /* Build configuration list for PBXNativeTarget "CardismoTests" */ = {
			isa = XCConfigurationList;
			buildConfigurations = (
				3EA2016D1881E7EC0011935D /* Debug */,
				3EA2016E1881E7EC0011935D /* Release */,
			);
			defaultConfigurationIsVisible = 0;
			defaultConfigurationName = Release;
		};
/* End XCConfigurationList section */
	};
	rootObject = 3EA2012F1881E7EC0011935D /* Project object */;
}
